{
  "name": "vite-plugin-tailwind-legacy",
  "version": "1.0.5",
  "lockfileVersion": 3,
  "requires": true,
  "packages": {
    "": {
      "name": "vite-plugin-tailwind-legacy",
      "version": "1.0.5",
      "license": "MIT",
      "devDependencies": {
        "vite-plugin-tailwind-legacy": "^1.0.3"
      }
    },
    "node_modules/vite-plugin-tailwind-legacy": {
      "version": "1.0.3",
      "resolved": "https://registry.npmjs.org/vite-plugin-tailwind-legacy/-/vite-plugin-tailwind-legacy-1.0.3.tgz",
      "integrity": "sha512-bdVu2i8BX1zGBQFcdEczUDFM/I6OW5MZnPIu96ql3v6Sub4hkxzXirg87HNCUq+N6l44xyenx9YR0ws8Ua0kiQ==",
      "dev": true,
      "license": "MIT"
    }
  }
}
